// !$*UTF8*$!
{
	archiveVersion = 1;
	classes = {
	};
	objectVersion = 48;
	objects = {

/* Begin PBXBuildFile section */
		FF204F4F1F37438B00187C37 /* AppDelegate.swift in Sources */ = {isa = PBXBuildFile; fileRef = FF204F4E1F37438B00187C37 /* AppDelegate.swift */; };
		FF204F511F37438B00187C37 /* ViewController.swift in Sources */ = {isa = PBXBuildFile; fileRef = FF204F501F37438B00187C37 /* ViewController.swift */; };
		FF204F541F37438B00187C37 /* Main.storyboard in Resources */ = {isa = PBXBuildFile; fileRef = FF204F521F37438B00187C37 /* Main.storyboard */; };
		FF204F561F37438B00187C37 /* Assets.xcassets in Resources */ = {isa = PBXBuildFile; fileRef = FF204F551F37438B00187C37 /* Assets.xcassets */; };
		FF380C821F390E320091832C /* FruitsClassifier.mlmodel in Sources */ = {isa = PBXBuildFile; fileRef = FF380C811F390E2D0091832C /* FruitsClassifier.mlmodel */; };
/* End PBXBuildFile section */

/* Begin PBXFileReference section */
		FF204F4B1F37438B00187C37 /* TestingCoreML.app */ = {isa = PBXFileReference; explicitFileType = wrapper.application; includeInIndex = 0; path = TestingCoreML.app; sourceTree = BUILT_PRODUCTS_DIR; };
		FF204F4E1F37438B00187C37 /* AppDelegate.swift */ = {isa = PBXFileReference; lastKnownFileType = sourcecode.swift; path = AppDelegate.swift; sourceTree = "<group>"; };
		FF204F501F37438B00187C37 /* ViewController.swift */ = {isa = PBXFileReference; lastKnownFileType = sourcecode.swift; path = ViewController.swift; sourceTree = "<group>"; };
		FF204F531F37438B00187C37 /* Base */ = {isa = PBXFileReference; lastKnownFileType = file.storyboard; name = Base; path = Base.lproj/Main.storyboard; sourceTree = "<group>"; };
		FF204F551F37438B00187C37 /* Assets.xcassets */ = {isa = PBXFileReference; lastKnownFileType = folder.assetcatalog; path = Assets.xcassets; sourceTree = "<group>"; };
		FF204F571F37438B00187C37 /* Info.plist */ = {isa = PBXFileReference; lastKnownFileType = text.plist.xml; path = Info.plist; sourceTree = "<group>"; };
		FF380C811F390E2D0091832C /* FruitsClassifier.mlmodel */ = {isa = PBXFileReference; lastKnownFileType = file.mlmodel; path = FruitsClassifier.mlmodel; sourceTree = "<group>"; };
/* End PBXFileReference section */

/* Begin PBXFrameworksBuildPhase section */
		FF204F481F37438B00187C37 /* Frameworks */ = {
			isa = PBXFrameworksBuildPhase;
			buildActionMask = 2147483647;
			files = (
			);
			runOnlyForDeploymentPostprocessing = 0;
		};
/* End PBXFrameworksBuildPhase section */

/* Begin PBXGroup section */
		FF204F421F37438B00187C37 = {
			isa = PBXGroup;
			children = (
				FF204F4D1F37438B00187C37 /* TestingCoreML */,
				FF204F4C1F37438B00187C37 /* Products */,
			);
			sourceTree = "<group>";
		};
		FF204F4C1F37438B00187C37 /* Products */ = {
			isa = PBXGroup;
			children = (
				FF204F4B1F37438B00187C37 /* TestingCoreML.app */,
			);
			name = Products;
			sourceTree = "<group>";
		};
		FF204F4D1F37438B00187C37 /* TestingCoreML */ = {
			isa = PBXGroup;
			children = (
				FF380C811F390E2D0091832C /* FruitsClassifier.mlmodel */,
				FF204F4E1F37438B00187C37 /* AppDelegate.swift */,
				FF204F501F37438B00187C37 /* ViewController.swift */,
				FF204F521F37438B00187C37 /* Main.storyboard */,
				FF204F551F37438B00187C37 /* Assets.xcassets */,
				FF204F571F37438B00187C37 /* Info.plist */,
			);
			path = TestingCoreML;
			sourceTree = "<group>";
		};
/* End PBXGroup section */

/* Begin PBXNativeTarget section */
		FF204F4A1F37438B00187C37 /* TestingCoreML */ = {
			isa = PBXNativeTarget;
			buildConfigurationList = FF204F5A1F37438B00187C37 /* Build configuration list for PBXNativeTarget "TestingCoreML" */;
			buildPhases = (
				FF204F471F37438B00187C37 /* Sources */,
				FF204F481F37438B00187C37 /* Frameworks */,
				FF204F491F37438B00187C37 /* Resources */,
			);
			buildRules = (
			);
			dependencies = (
			);
			name = TestingCoreML;
			productName = TestingCoreML;
			productReference = FF204F4B1F37438B00187C37 /* TestingCoreML.app */;
			productType = "com.apple.product-type.application";
		};
/* End PBXNativeTarget section */

/* Begin PBXProject section */
		FF204F431F37438B00187C37 /* Project object */ = {
			isa = PBXProject;
			attributes = {
				LastSwiftUpdateCheck = 0900;
				LastUpgradeCheck = 0900;
				ORGANIZATIONNAME = "David Cordero";
				TargetAttributes = {
					FF204F4A1F37438B00187C37 = {
						CreatedOnToolsVersion = 9.0;
					};
				};
			};
			buildConfigurationList = FF204F461F37438B00187C37 /* Build configuration list for PBXProject "TestingCoreML" */;
			compatibilityVersion = "Xcode 8.0";
			developmentRegion = en;
			hasScannedForEncodings = 0;
			knownRegions = (
				en,
				Base,
			);
			mainGroup = FF204F421F37438B00187C37;
			productRefGroup = FF204F4C1F37438B00187C37 /* Products */;
			projectDirPath = "";
			projectRoot = "";
			targets = (
				FF204F4A1F37438B00187C37 /* TestingCoreML */,
			);
		};
/* End PBXProject section */

/* Begin PBXResourcesBuildPhase section */
		FF204F491F37438B00187C37 /* Resources */ = {
			isa = PBXResourcesBuildPhase;
			buildActionMask = 2147483647;
			files = (
				FF204F561F37438B00187C37 /* Assets.xcassets in Resources */,
				FF204F541F37438B00187C37 /* Main.storyboard in Resources */,
			);
			runOnlyForDeploymentPostprocessing = 0;
		};
/* End PBXResourcesBuildPhase section */

/* Begin PBXSourcesBuildPhase section */
		FF204F471F37438B00187C37 /* Sources */ = {
			isa = PBXSourcesBuildPhase;
			buildActionMask = 2147483647;
			files = (
				FF380C821F390E320091832C /* FruitsClassifier.mlmodel in Sources */,
				FF204F511F37438B00187C37 /* ViewController.swift in Sources */,
				FF204F4F1F37438B00187C37 /* AppDelegate.swift in Sources */,
			);
			runOnlyForDeploymentPostprocessing = 0;
		};
/* End PBXSourcesBuildPhase section */

/* Begin PBXVariantGroup section */
		FF204F521F37438B00187C37 /* Main.storyboard */ = {
			isa = PBXVariantGroup;
			children = (
				FF204F531F37438B00187C37 /* Base */,
			);
			name = Main.storyboard;
			sourceTree = "<group>";
		};
/* End PBXVariantGroup section */

/* Begin XCBuildConfiguration section */
		FF204F581F37438B00187C37 /* Debug */ = {
			isa = XCBuildConfiguration;
			buildSettings = {
				ALWAYS_SEARCH_USER_PATHS = NO;
				CLANG_ANALYZER_NONNULL = YES;
				CLANG_ANALYZER_NUMBER_OBJECT_CONVERSION = YES_AGGRESSIVE;
				CLANG_CXX_LANGUAGE_STANDARD = "gnu++14";
				CLANG_CXX_LIBRARY = "libc++";
				CLANG_ENABLE_MODULES = YES;
				CLANG_ENABLE_OBJC_ARC = YES;
				CLANG_WARN_BLOCK_CAPTURE_AUTORELEASING = YES;
				CLANG_WARN_BOOL_CONVERSION = YES;
				CLANG_WARN_COMMA = YES;
				CLANG_WARN_CONSTANT_CONVERSION = YES;
				CLANG_WARN_DIRECT_OBJC_ISA_USAGE = YES_ERROR;
				CLANG_WARN_DOCUMENTATION_COMMENTS = YES;
				CLANG_WARN_EMPTY_BODY = YES;
				CLANG_WARN_ENUM_CONVERSION = YES;
				CLANG_WARN_INFINITE_RECURSION = YES;
				CLANG_WARN_INT_CONVERSION = YES;
				CLANG_WARN_NON_LITERAL_NULL_CONVERSION = YES;
				CLANG_WARN_OBJC_LITERAL_CONVERSION = YES;
				CLANG_WARN_OBJC_ROOT_CLASS = YES_ERROR;
				CLANG_WARN_RANGE_LOOP_ANALYSIS = YES;
				CLANG_WARN_STRICT_PROTOTYPES = YES;
				CLANG_WARN_SUSPICIOUS_MOVE = YES;
				CLANG_WARN_UNGUARDED_AVAILABILITY = YES_AGGRESSIVE;
				CLANG_WARN_UNREACHABLE_CODE = YES;
				CLANG_WARN__DUPLICATE_METHOD_MATCH = YES;
				COPY_PHASE_STRIP = NO;
				DEBUG_INFORMATION_FORMAT = dwarf;
				ENABLE_STRICT_OBJC_MSGSEND = YES;
				ENABLE_TESTABILITY = YES;
				GCC_C_LANGUAGE_STANDARD = gnu11;
				GCC_DYNAMIC_NO_PIC = NO;
				GCC_NO_COMMON_BLOCKS = YES;
				GCC_OPTIMIZATION_LEVEL = 0;
				GCC_PREPROCESSOR_DEFINITIONS = (
					"DEBUG=1",
					"$(inherited)",
				);
				GCC_WARN_64_TO_32_BIT_CONVERSION = YES;
				GCC_WARN_ABOUT_RETURN_TYPE = YES_ERROR;
				GCC_WARN_UNDECLARED_SELECTOR = YES;
				GCC_WARN_UNINITIALIZED_AUTOS = YES_AGGRESSIVE;
				GCC_WARN_UNUSED_FUNCTION = YES;
				GCC_WARN_UNUSED_VARIABLE = YES;
				MTL_ENABLE_DEBUG_INFO = YES;
				ONLY_ACTIVE_ARCH = YES;
				SDKROOT = appletvos;
				SWIFT_ACTIVE_COMPILATION_CONDITIONS = DEBUG;
				SWIFT_OPTIMIZATION_LEVEL = "-Onone";
				TVOS_DEPLOYMENT_TARGET = 11.0;
			};
			name = Debug;
		};
		FF204F591F37438B00187C37 /* Release */ = {
			isa = XCBuildConfiguration;
			buildSettings = {
				ALWAYS_SEARCH_USER_PATHS = NO;
				CLANG_ANALYZER_NONNULL = YES;
				CLANG_ANALYZER_NUMBER_OBJECT_CONVERSION = YES_AGGRESSIVE;
				CLANG_CXX_LANGUAGE_STANDARD = "gnu++14";
				CLANG_CXX_LIBRARY = "libc++";
				CLANG_ENABLE_MODULES = YES;
				CLANG_ENABLE_OBJC_ARC = YES;
				CLANG_WARN_BLOCK_CAPTURE_AUTORELEASING = YES;
				CLANG_WARN_BOOL_CONVERSION = YES;
				CLANG_WARN_COMMA = YES;
				CLANG_WARN_CONSTANT_CONVERSION = YES;
				CLANG_WARN_DIRECT_OBJC_ISA_USAGE = YES_ERROR;
				CLANG_WARN_DOCUMENTATION_COMMENTS = YES;
				CLANG_WARN_EMPTY_BODY = YES;
				CLANG_WARN_ENUM_CONVERSION = YES;
				CLANG_WARN_INFINITE_RECURSION = YES;
				CLANG_WARN_INT_CONVERSION = YES;
				CLANG_WARN_NON_LITERAL_NULL_CONVERSION = YES;
				CLANG_WARN_OBJC_LITERAL_CONVERSION = YES;
				CLANG_WARN_OBJC_ROOT_CLASS = YES_ERROR;
				CLANG_WARN_RANGE_LOOP_ANALYSIS = YES;
				CLANG_WARN_STRICT_PROTOTYPES = YES;
				CLANG_WARN_SUSPICIOUS_MOVE = YES;
				CLANG_WARN_UNGUARDED_AVAILABILITY = YES_AGGRESSIVE;
				CLANG_WARN_UNREACHABLE_CODE = YES;
				CLANG_WARN__DUPLICATE_METHOD_MATCH = YES;
				COPY_PHASE_STRIP = NO;
				DEBUG_INFORMATION_FORMAT = "dwarf-with-dsym";
				ENABLE_NS_ASSERTIONS = NO;
				ENABLE_STRICT_OBJC_MSGSEND = YES;
				GCC_C_LANGUAGE_STANDARD = gnu11;
				GCC_NO_COMMON_BLOCKS = YES;
				GCC_WARN_64_TO_32_BIT_CONVERSION = YES;
				GCC_WARN_ABOUT_RETURN_TYPE = YES_ERROR;
				GCC_WARN_UNDECLARED_SELECTOR = YES;
				GCC_WARN_UNINITIALIZED_AUTOS = YES_AGGRESSIVE;
				GCC_WARN_UNUSED_FUNCTION = YES;
				GCC_WARN_UNUSED_VARIABLE = YES;
				MTL_ENABLE_DEBUG_INFO = NO;
				SDKROOT = appletvos;
				SWIFT_OPTIMIZATION_LEVEL = "-Owholemodule";
				TVOS_DEPLOYMENT_TARGET = 11.0;
				VALIDATE_PRODUCT = YES;
			};
			name = Release;
		};
		FF204F5B1F37438B00187C37 /* Debug */ = {
			isa = XCBuildConfiguration;
			buildSettings = {
				ASSETCATALOG_COMPILER_APPICON_NAME = "App Icon & Top Shelf Image";
				ASSETCATALOG_COMPILER_LAUNCHIMAGE_NAME = LaunchImage;
				DEVELOPMENT_TEAM = C3QRL9KEQ4;
				INFOPLIST_FILE = TestingCoreML/Info.plist;
				LD_RUNPATH_SEARCH_PATHS = "$(inherited) @executable_path/Frameworks";
				PRODUCT_BUNDLE_IDENTIFIER = com.dcordero.TestingCoreML;
				PRODUCT_NAME = "$(TARGET_NAME)";
				SWIFT_VERSION = 4.0;
				TARGETED_DEVICE_FAMILY = 3;
			};
			name = Debug;
		};
		FF204F5C1F37438B00187C37 /* Release */ = {
			isa = XCBuildConfiguration;
			buildSettings = {
				ASSETCATALOG_COMPILER_APPICON_NAME = "App Icon & Top Shelf Image";
				ASSETCATALOG_COMPILER_LAUNCHIMAGE_NAME = LaunchImage;
				DEVELOPMENT_TEAM = C3QRL9KEQ4;
				INFOPLIST_FILE = TestingCoreML/Info.plist;
				LD_RUNPATH_SEARCH_PATHS = "$(inherited) @executable_path/Frameworks";
				PRODUCT_BUNDLE_IDENTIFIER = com.dcordero.TestingCoreML;
				PRODUCT_NAME = "$(TARGET_NAME)";
				SWIFT_VERSION = 4.0;
				TARGETED_DEVICE_FAMILY = 3;
			};
			name = Release;
		};
/* End XCBuildConfiguration section */

/* Begin XCConfigurationList section */
		FF204F461F37438B00187C37 /* Build configuration list for PBXProject "TestingCoreML" */ = {
			isa = XCConfigurationList;
			buildConfigurations = (
				FF204F581F37438B00187C37 /* Debug */,
				FF204F591F37438B00187C37 /* Release */,
			);
			defaultConfigurationIsVisible = 0;
			defaultConfigurationName = Release;
		};
		FF204F5A1F37438B00187C37 /* Build configuration list for PBXNativeTarget "TestingCoreML" */ = {
			isa = XCConfigurationList;
			buildConfigurations = (
				FF204F5B1F37438B00187C37 /* Debug */,
				FF204F5C1F37438B00187C37 /* Release */,
			);
			defaultConfigurationIsVisible = 0;
			defaultConfigurationName = Release;
		};
/* End XCConfigurationList section */
	};
	rootObject = FF204F431F37438B00187C37 /* Project object */;
}
